
Microsoft Visual Studio Solution File, Format Version 12.00
# Visual Studio 15
VisualStudioVersion = 15.0.27428.2037
MinimumVisualStudioVersion = 10.0.40219.1
Project("{FAE04EC0-301F-11D3-BF4B-00C04F79EFBC}") = "EcoliRNA", "EcoliRNA\EcoliRNA.csproj", "{E530E3FC-C650-4708-9EDB-4042F95F9A78}"
EndProject
Project("{FAE04EC0-301F-11D3-BF4B-00C04F79EFBC}") = "EcoliRNATests", "EcoliRNATests\EcoliRNATests.csproj", "{338B3B37-D0FC-4FDD-B7D0-11467C3EC3A7}"
EndProject
Global
	GlobalSection(SolutionConfigurationPlatforms) = preSolution
		Debug|Any CPU = Debug|Any CPU
		Release|Any CPU = Release|Any CPU
	EndGlobalSection
	GlobalSection(ProjectConfigurationPlatforms) = postSolution
		{E530E3FC-C650-4708-9EDB-4042F95F9A78}.Debug|Any CPU.ActiveCfg = Debug|Any CPU
		{E530E3FC-C650-4708-9EDB-4042F95F9A78}.Debug|Any CPU.Build.0 = Debug|Any CPU
		{E530E3FC-C650-4708-9EDB-4042F95F9A78}.Release|Any CPU.ActiveCfg = Release|Any CPU
		{E530E3FC-C650-4708-9EDB-4042F95F9A78}.Release|Any CPU.Build.0 = Release|Any CPU
		{338B3B37-D0FC-4FDD-B7D0-11467C3EC3A7}.Debug|Any CPU.ActiveCfg = Debug|Any CPU
		{338B3B37-D0FC-4FDD-B7D0-11467C3EC3A7}.Debug|Any CPU.Build.0 = Debug|Any CPU
		{338B3B37-D0FC-4FDD-B7D0-11467C3EC3A7}.Release|Any CPU.ActiveCfg = Release|Any CPU
		{338B3B37-D0FC-4FDD-B7D0-11467C3EC3A7}.Release|Any CPU.Build.0 = Release|Any CPU
	EndGlobalSection
	GlobalSection(SolutionProperties) = preSolution
		HideSolutionNode = FALSE
	EndGlobalSection
	GlobalSection(ExtensibilityGlobals) = postSolution
		SolutionGuid = {4B067BBC-A07F-4CDF-8F1D-BAF544833EE9}
	EndGlobalSection
EndGlobal
